
Microsoft Visual Studio Solution File, Format Version 12.00
Project("{FAE04EC0-301F-11D3-BF4B-00C04F79EFBC}") = "API", "API\API.csproj", "{E0C3537F-3AA2-4633-AAF7-972525446A87}"
EndProject
Project("{FAE04EC0-301F-11D3-BF4B-00C04F79EFBC}") = "Infrastructure", "Infrastructure\Infrastructure.csproj", "{A59BC056-4B5A-40F6-949E-21051E3F09B2}"
EndProject
Global
	GlobalSection(SolutionConfigurationPlatforms) = preSolution
		Debug|Any CPU = Debug|Any CPU
		Release|Any CPU = Release|Any CPU
	EndGlobalSection
	GlobalSection(ProjectConfigurationPlatforms) = postSolution
		{E0C3537F-3AA2-4633-AAF7-972525446A87}.Debug|Any CPU.ActiveCfg = Debug|Any CPU
		{E0C3537F-3AA2-4633-AAF7-972525446A87}.Debug|Any CPU.Build.0 = Debug|Any CPU
		{E0C3537F-3AA2-4633-AAF7-972525446A87}.Release|Any CPU.ActiveCfg = Release|Any CPU
		{E0C3537F-3AA2-4633-AAF7-972525446A87}.Release|Any CPU.Build.0 = Release|Any CPU
		{A59BC056-4B5A-40F6-949E-21051E3F09B2}.Debug|Any CPU.ActiveCfg = Debug|Any CPU
		{A59BC056-4B5A-40F6-949E-21051E3F09B2}.Debug|Any CPU.Build.0 = Debug|Any CPU
		{A59BC056-4B5A-40F6-949E-21051E3F09B2}.Release|Any CPU.ActiveCfg = Release|Any CPU
		{A59BC056-4B5A-40F6-949E-21051E3F09B2}.Release|Any CPU.Build.0 = Release|Any CPU
	EndGlobalSection
EndGlobal
